
Microsoft Visual Studio Solution File, Format Version 12.00
# Visual Studio Version 16
VisualStudioVersion = 16.0.31624.102
MinimumVisualStudioVersion = 10.0.40219.1
Project("{FAE04EC0-301F-11D3-BF4B-00C04F79EFBC}") = "BattleshipDemo", "BattleshipDemo\BattleshipDemo.csproj", "{A26A157B-BF18-4D9A-BD38-0A15D5D06289}"
EndProject
Project("{FAE04EC0-301F-11D3-BF4B-00C04F79EFBC}") = "Battleship", "Battleship\Battleship.csproj", "{4D7AB4A0-7040-4DAC-8CBA-8CB1602B4CCE}"
EndProject
Global
	GlobalSection(SolutionConfigurationPlatforms) = preSolution
		Debug|Any CPU = Debug|Any CPU
		Release|Any CPU = Release|Any CPU
	EndGlobalSection
	GlobalSection(ProjectConfigurationPlatforms) = postSolution
		{A26A157B-BF18-4D9A-BD38-0A15D5D06289}.Debug|Any CPU.ActiveCfg = Debug|Any CPU
		{A26A157B-BF18-4D9A-BD38-0A15D5D06289}.Debug|Any CPU.Build.0 = Debug|Any CPU
		{A26A157B-BF18-4D9A-BD38-0A15D5D06289}.Release|Any CPU.ActiveCfg = Release|Any CPU
		{A26A157B-BF18-4D9A-BD38-0A15D5D06289}.Release|Any CPU.Build.0 = Release|Any CPU
		{4D7AB4A0-7040-4DAC-8CBA-8CB1602B4CCE}.Debug|Any CPU.ActiveCfg = Debug|Any CPU
		{4D7AB4A0-7040-4DAC-8CBA-8CB1602B4CCE}.Debug|Any CPU.Build.0 = Debug|Any CPU
		{4D7AB4A0-7040-4DAC-8CBA-8CB1602B4CCE}.Release|Any CPU.ActiveCfg = Release|Any CPU
		{4D7AB4A0-7040-4DAC-8CBA-8CB1602B4CCE}.Release|Any CPU.Build.0 = Release|Any CPU
	EndGlobalSection
	GlobalSection(SolutionProperties) = preSolution
		HideSolutionNode = FALSE
	EndGlobalSection
	GlobalSection(ExtensibilityGlobals) = postSolution
		SolutionGuid = {C79EDD02-945C-4A8D-9956-022D34191EE5}
	EndGlobalSection
EndGlobal
